{
    "version": 3,
    "terraform_version": "0.9.5",
    "serial": 11,
    "lineage": "442781aa-029f-43b9-b4bc-4087ab64429e",
    "modules": [
        {
            "path": [
                "root"
            ],
            "outputs": {
                "bastion_public_ip": {
                    "sensitive": false,
                    "type": "string",
                    "value": "54.194.88.189"
                },
                "swarm_api_dns_name": {
                    "sensitive": false,
                    "type": "string",
                    "value": "swarm-elb-620485786.eu-west-1.elb.amazonaws.com"
                },
                "swram_masters_private_ip": {
                    "sensitive": false,
                    "type": "string",
                    "value": "10.43.1.20,10.43.1.21,10.43.1.22"
                },
                "swram_workers_private_ip": {
                    "sensitive": false,
                    "type": "string",
                    "value": "10.43.1.30,10.43.1.31,10.43.1.32"
                }
            },
            "resources": {
                "aws_eip.nat_eip": {
                    "type": "aws_eip",
                    "depends_on": [],
                    "primary": {
                        "id": "eipalloc-e0d9b4da",
                        "attributes": {
                            "association_id": "eipassoc-f7411dcd",
                            "domain": "vpc",
                            "id": "eipalloc-e0d9b4da",
                            "instance": "",
                            "network_interface": "eni-d7d4d1db",
                            "private_ip": "10.43.0.26",
                            "public_ip": "52.214.112.101",
                            "vpc": "true"
                        },
                        "meta": {},
                        "tainted": false
                    },
                    "deposed": [],
                    "provider": ""
                },
                "aws_elb.swarm_elb": {
                    "type": "aws_elb",
                    "depends_on": [
                        "aws_instance.master.*",
                        "aws_security_group.swarm_elb",
                        "aws_subnet.swarm_public"
                    ],
                    "primary": {
                        "id": "swarm-elb",
                        "attributes": {
                            "access_logs.#": "0",
                            "availability_zones.#": "1",
                            "availability_zones.3953592328": "eu-west-1a",
                            "connection_draining": "false",
                            "connection_draining_timeout": "300",
                            "cross_zone_load_balancing": "false",
                            "dns_name": "swarm-elb-620485786.eu-west-1.elb.amazonaws.com",
                            "health_check.#": "1",
                            "health_check.0.healthy_threshold": "2",
                            "health_check.0.interval": "30",
                            "health_check.0.target": "HTTP:3000/",
                            "health_check.0.timeout": "15",
                            "health_check.0.unhealthy_threshold": "2",
                            "id": "swarm-elb",
                            "idle_timeout": "60",
                            "instances.#": "3",
                            "instances.1297708044": "i-0855f7f44b119bc2d",
                            "instances.1951128627": "i-0f8e5a3422ed57f99",
                            "instances.2593342125": "i-0c3eb4f71919d433b",
                            "internal": "false",
                            "listener.#": "1",
                            "listener.2236146922.instance_port": "3000",
                            "listener.2236146922.instance_protocol": "tcp",
                            "listener.2236146922.lb_port": "3000",
                            "listener.2236146922.lb_protocol": "tcp",
                            "listener.2236146922.ssl_certificate_id": "",
                            "name": "swarm-elb",
                            "security_groups.#": "1",
                            "security_groups.4100150679": "sg-0f654e76",
                            "source_security_group": "656298526922/swarm-elb-sg",
                            "source_security_group_id": "sg-0f654e76",
                            "subnets.#": "1",
                            "subnets.2296404703": "subnet-e68b84be",
                            "tags.%": "2",
                            "tags.Name": "swarm",
                            "tags.Owner": "Mark",
                            "zone_id": "Z32O12XQLNTSW2"
                        },
                        "meta": {},
                        "tainted": false
                    },
                    "deposed": [],
                    "provider": ""
                },
                "aws_iam_instance_profile.swarm": {
                    "type": "aws_iam_instance_profile",
                    "depends_on": [
                        "aws_iam_role.swarm"
                    ],
                    "primary": {
                        "id": "swarm",
                        "attributes": {
                            "arn": "arn:aws:iam::656298526922:instance-profile/swarm",
                            "id": "swarm",
                            "name": "swarm",
                            "path": "/",
                            "role": "swarm",
                            "roles.#": "1",
                            "roles.3920056993": "swarm",
                            "unique_id": "AIPAJP6LN7KNX6QWK2CLO"
                        },
                        "meta": {},
                        "tainted": false
                    },
                    "deposed": [],
                    "provider": ""
                },
                "aws_iam_role.swarm": {
                    "type": "aws_iam_role",
                    "depends_on": [],
                    "primary": {
                        "id": "swarm",
                        "attributes": {
                            "arn": "arn:aws:iam::656298526922:role/swarm",
                            "assume_role_policy": "{\"Version\":\"2012-10-17\",\"Statement\":[{\"Effect\":\"Allow\",\"Principal\":{\"Service\":\"ec2.amazonaws.com\"},\"Action\":\"sts:AssumeRole\"}]}",
                            "create_date": "2017-05-23T09:59:08Z",
                            "id": "swarm",
                            "name": "swarm",
                            "path": "/",
                            "unique_id": "AROAI6BLXO3ANNCAY237A"
                        },
                        "meta": {},
                        "tainted": false
                    },
                    "deposed": [],
                    "provider": ""
                },
                "aws_iam_role_policy.swarm": {
                    "type": "aws_iam_role_policy",
                    "depends_on": [
                        "aws_iam_role.swarm"
                    ],
                    "primary": {
                        "id": "swarm:swarm",
                        "attributes": {
                            "id": "swarm:swarm",
                            "name": "swarm",
                            "policy": "{\n  \"Version\": \"2012-10-17\",\n  \"Statement\": [\n    {\n      \"Action\" : [\"ec2:*\"],\n      \"Effect\": \"Allow\",\n      \"Resource\": [\"*\"]\n    },\n    {\n      \"Action\" : [\"elasticloadbalancing:*\"],\n      \"Effect\": \"Allow\",\n      \"Resource\": [\"*\"]\n    },\n    {\n      \"Action\": \"route53:*\",\n      \"Effect\": \"Allow\",\n      \"Resource\": [\"*\"]\n    },\n    {\n      \"Action\": \"ecr:*\",\n      \"Effect\": \"Allow\",\n      \"Resource\": \"*\"\n    }\n  ]\n}\n",
                            "role": "swarm"
                        },
                        "meta": {},
                        "tainted": false
                    },
                    "deposed": [],
                    "provider": ""
                },
                "aws_instance.bastion": {
                    "type": "aws_instance",
                    "depends_on": [
                        "aws_security_group.bastion",
                        "aws_subnet.swarm_public"
                    ],
                    "primary": {
                        "id": "i-0e38d73c9cccb8a03",
                        "attributes": {
                            "ami": "ami-0bcbcb6d",
                            "associate_public_ip_address": "true",
                            "availability_zone": "eu-west-1a",
                            "disable_api_termination": "false",
                            "ebs_block_device.#": "0",
                            "ebs_optimized": "false",
                            "ephemeral_block_device.#": "0",
                            "iam_instance_profile": "",
                            "id": "i-0e38d73c9cccb8a03",
                            "instance_state": "running",
                            "instance_type": "t2.micro",
                            "ipv6_address_count": "0",
                            "ipv6_addresses.#": "0",
                            "key_name": "swarm-clstr-kp",
                            "monitoring": "false",
                            "network_interface.#": "0",
                            "network_interface_id": "eni-b9cacfb5",
                            "primary_network_interface_id": "eni-b9cacfb5",
                            "private_dns": "ip-10-43-0-7.eu-west-1.compute.internal",
                            "private_ip": "10.43.0.7",
                            "public_dns": "ec2-54-194-88-189.eu-west-1.compute.amazonaws.com",
                            "public_ip": "54.194.88.189",
                            "root_block_device.#": "1",
                            "root_block_device.0.delete_on_termination": "true",
                            "root_block_device.0.iops": "0",
                            "root_block_device.0.volume_size": "8",
                            "root_block_device.0.volume_type": "standard",
                            "security_groups.#": "0",
                            "source_dest_check": "true",
                            "subnet_id": "subnet-e68b84be",
                            "tags.%": "5",
                            "tags.Name": "Bastion",
                            "tags.Owner": "Mark",
                            "tags.ansibleFilter": "swarm01",
                            "tags.ansibleNodeName": "bastion",
                            "tags.ansibleNodeType": "bastion",
                            "tenancy": "default",
                            "volume_tags.%": "0",
                            "vpc_security_group_ids.#": "1",
                            "vpc_security_group_ids.2459575343": "sg-c9664db0"
                        },
                        "meta": {
                            "schema_version": "1"
                        },
                        "tainted": false
                    },
                    "deposed": [],
                    "provider": ""
                },
                "aws_instance.master.0": {
                    "type": "aws_instance",
                    "depends_on": [
                        "aws_iam_instance_profile.swarm",
                        "aws_security_group.swarm_master",
                        "aws_subnet.swarm_private"
                    ],
                    "primary": {
                        "id": "i-0f8e5a3422ed57f99",
                        "attributes": {
                            "ami": "ami-0bcbcb6d",
                            "associate_public_ip_address": "false",
                            "availability_zone": "eu-west-1a",
                            "disable_api_termination": "false",
                            "ebs_block_device.#": "0",
                            "ebs_optimized": "false",
                            "ephemeral_block_device.#": "0",
                            "iam_instance_profile": "swarm",
                            "id": "i-0f8e5a3422ed57f99",
                            "instance_state": "running",
                            "instance_type": "t2.micro",
                            "ipv6_address_count": "0",
                            "ipv6_addresses.#": "0",
                            "key_name": "swarm-clstr-kp",
                            "monitoring": "false",
                            "network_interface.#": "0",
                            "network_interface_id": "eni-51cbce5d",
                            "primary_network_interface_id": "eni-51cbce5d",
                            "private_dns": "ip-10-43-1-20.eu-west-1.compute.internal",
                            "private_ip": "10.43.1.20",
                            "public_dns": "",
                            "public_ip": "",
                            "root_block_device.#": "1",
                            "root_block_device.0.delete_on_termination": "true",
                            "root_block_device.0.iops": "0",
                            "root_block_device.0.volume_size": "8",
                            "root_block_device.0.volume_type": "standard",
                            "security_groups.#": "0",
                            "source_dest_check": "false",
                            "subnet_id": "subnet-d789868f",
                            "tags.%": "5",
                            "tags.Name": "master-0",
                            "tags.Owner": "Mark",
                            "tags.ansibleFilter": "swarm01",
                            "tags.ansibleNodeName": "master0",
                            "tags.ansibleNodeType": "master",
                            "tenancy": "default",
                            "volume_tags.%": "0",
                            "vpc_security_group_ids.#": "1",
                            "vpc_security_group_ids.3255398291": "sg-41624938"
                        },
                        "meta": {
                            "schema_version": "1"
                        },
                        "tainted": false
                    },
                    "deposed": [],
                    "provider": ""
                },
                "aws_instance.master.1": {
                    "type": "aws_instance",
                    "depends_on": [
                        "aws_iam_instance_profile.swarm",
                        "aws_security_group.swarm_master",
                        "aws_subnet.swarm_private"
                    ],
                    "primary": {
                        "id": "i-0c3eb4f71919d433b",
                        "attributes": {
                            "ami": "ami-0bcbcb6d",
                            "associate_public_ip_address": "false",
                            "availability_zone": "eu-west-1a",
                            "disable_api_termination": "false",
                            "ebs_block_device.#": "0",
                            "ebs_optimized": "false",
                            "ephemeral_block_device.#": "0",
                            "iam_instance_profile": "swarm",
                            "id": "i-0c3eb4f71919d433b",
                            "instance_state": "running",
                            "instance_type": "t2.micro",
                            "ipv6_address_count": "0",
                            "ipv6_addresses.#": "0",
                            "key_name": "swarm-clstr-kp",
                            "monitoring": "false",
                            "network_interface.#": "0",
                            "network_interface_id": "eni-04d5d008",
                            "primary_network_interface_id": "eni-04d5d008",
                            "private_dns": "ip-10-43-1-21.eu-west-1.compute.internal",
                            "private_ip": "10.43.1.21",
                            "public_dns": "",
                            "public_ip": "",
                            "root_block_device.#": "1",
                            "root_block_device.0.delete_on_termination": "true",
                            "root_block_device.0.iops": "0",
                            "root_block_device.0.volume_size": "8",
                            "root_block_device.0.volume_type": "standard",
                            "security_groups.#": "0",
                            "source_dest_check": "false",
                            "subnet_id": "subnet-d789868f",
                            "tags.%": "5",
                            "tags.Name": "master-1",
                            "tags.Owner": "Mark",
                            "tags.ansibleFilter": "swarm01",
                            "tags.ansibleNodeName": "master1",
                            "tags.ansibleNodeType": "master",
                            "tenancy": "default",
                            "volume_tags.%": "0",
                            "vpc_security_group_ids.#": "1",
                            "vpc_security_group_ids.3255398291": "sg-41624938"
                        },
                        "meta": {
                            "schema_version": "1"
                        },
                        "tainted": false
                    },
                    "deposed": [],
                    "provider": ""
                },
                "aws_instance.master.2": {
                    "type": "aws_instance",
                    "depends_on": [
                        "aws_iam_instance_profile.swarm",
                        "aws_security_group.swarm_master",
                        "aws_subnet.swarm_private"
                    ],
                    "primary": {
                        "id": "i-0855f7f44b119bc2d",
                        "attributes": {
                            "ami": "ami-0bcbcb6d",
                            "associate_public_ip_address": "false",
                            "availability_zone": "eu-west-1a",
                            "disable_api_termination": "false",
                            "ebs_block_device.#": "0",
                            "ebs_optimized": "false",
                            "ephemeral_block_device.#": "0",
                            "iam_instance_profile": "swarm",
                            "id": "i-0855f7f44b119bc2d",
                            "instance_state": "running",
                            "instance_type": "t2.micro",
                            "ipv6_address_count": "0",
                            "ipv6_addresses.#": "0",
                            "key_name": "swarm-clstr-kp",
                            "monitoring": "false",
                            "network_interface.#": "0",
                            "network_interface_id": "eni-59d1d455",
                            "primary_network_interface_id": "eni-59d1d455",
                            "private_dns": "ip-10-43-1-22.eu-west-1.compute.internal",
                            "private_ip": "10.43.1.22",
                            "public_dns": "",
                            "public_ip": "",
                            "root_block_device.#": "1",
                            "root_block_device.0.delete_on_termination": "true",
                            "root_block_device.0.iops": "0",
                            "root_block_device.0.volume_size": "8",
                            "root_block_device.0.volume_type": "standard",
                            "security_groups.#": "0",
                            "source_dest_check": "false",
                            "subnet_id": "subnet-d789868f",
                            "tags.%": "5",
                            "tags.Name": "master-2",
                            "tags.Owner": "Mark",
                            "tags.ansibleFilter": "swarm01",
                            "tags.ansibleNodeName": "master2",
                            "tags.ansibleNodeType": "master",
                            "tenancy": "default",
                            "volume_tags.%": "0",
                            "vpc_security_group_ids.#": "1",
                            "vpc_security_group_ids.3255398291": "sg-41624938"
                        },
                        "meta": {
                            "schema_version": "1"
                        },
                        "tainted": false
                    },
                    "deposed": [],
                    "provider": ""
                },
                "aws_instance.worker.0": {
                    "type": "aws_instance",
                    "depends_on": [
                        "aws_security_group.swarm_worker",
                        "aws_subnet.swarm_private"
                    ],
                    "primary": {
                        "id": "i-056d2491118cd3586",
                        "attributes": {
                            "ami": "ami-0bcbcb6d",
                            "associate_public_ip_address": "false",
                            "availability_zone": "eu-west-1a",
                            "disable_api_termination": "false",
                            "ebs_block_device.#": "0",
                            "ebs_optimized": "false",
                            "ephemeral_block_device.#": "0",
                            "iam_instance_profile": "",
                            "id": "i-056d2491118cd3586",
                            "instance_state": "running",
                            "instance_type": "t2.micro",
                            "ipv6_address_count": "0",
                            "ipv6_addresses.#": "0",
                            "key_name": "swarm-clstr-kp",
                            "monitoring": "false",
                            "network_interface.#": "0",
                            "network_interface_id": "eni-3fcecb33",
                            "primary_network_interface_id": "eni-3fcecb33",
                            "private_dns": "ip-10-43-1-30.eu-west-1.compute.internal",
                            "private_ip": "10.43.1.30",
                            "public_dns": "",
                            "public_ip": "",
                            "root_block_device.#": "1",
                            "root_block_device.0.delete_on_termination": "true",
                            "root_block_device.0.iops": "0",
                            "root_block_device.0.volume_size": "8",
                            "root_block_device.0.volume_type": "standard",
                            "security_groups.#": "0",
                            "source_dest_check": "false",
                            "subnet_id": "subnet-d789868f",
                            "tags.%": "5",
                            "tags.Name": "worker-0",
                            "tags.Owner": "Mark",
                            "tags.ansibleFilter": "swarm01",
                            "tags.ansibleNodeName": "worker0",
                            "tags.ansibleNodeType": "worker",
                            "tenancy": "default",
                            "volume_tags.%": "0",
                            "vpc_security_group_ids.#": "1",
                            "vpc_security_group_ids.1963557183": "sg-b6654ecf"
                        },
                        "meta": {
                            "schema_version": "1"
                        },
                        "tainted": false
                    },
                    "deposed": [],
                    "provider": ""
                },
                "aws_instance.worker.1": {
                    "type": "aws_instance",
                    "depends_on": [
                        "aws_security_group.swarm_worker",
                        "aws_subnet.swarm_private"
                    ],
                    "primary": {
                        "id": "i-0ad461b64b3f4c83d",
                        "attributes": {
                            "ami": "ami-0bcbcb6d",
                            "associate_public_ip_address": "false",
                            "availability_zone": "eu-west-1a",
                            "disable_api_termination": "false",
                            "ebs_block_device.#": "0",
                            "ebs_optimized": "false",
                            "ephemeral_block_device.#": "0",
                            "iam_instance_profile": "",
                            "id": "i-0ad461b64b3f4c83d",
                            "instance_state": "running",
                            "instance_type": "t2.micro",
                            "ipv6_address_count": "0",
                            "ipv6_addresses.#": "0",
                            "key_name": "swarm-clstr-kp",
                            "monitoring": "false",
                            "network_interface.#": "0",
                            "network_interface_id": "eni-7ad6d376",
                            "primary_network_interface_id": "eni-7ad6d376",
                            "private_dns": "ip-10-43-1-31.eu-west-1.compute.internal",
                            "private_ip": "10.43.1.31",
                            "public_dns": "",
                            "public_ip": "",
                            "root_block_device.#": "1",
                            "root_block_device.0.delete_on_termination": "true",
                            "root_block_device.0.iops": "0",
                            "root_block_device.0.volume_size": "8",
                            "root_block_device.0.volume_type": "standard",
                            "security_groups.#": "0",
                            "source_dest_check": "false",
                            "subnet_id": "subnet-d789868f",
                            "tags.%": "5",
                            "tags.Name": "worker-1",
                            "tags.Owner": "Mark",
                            "tags.ansibleFilter": "swarm01",
                            "tags.ansibleNodeName": "worker1",
                            "tags.ansibleNodeType": "worker",
                            "tenancy": "default",
                            "volume_tags.%": "0",
                            "vpc_security_group_ids.#": "1",
                            "vpc_security_group_ids.1963557183": "sg-b6654ecf"
                        },
                        "meta": {
                            "schema_version": "1"
                        },
                        "tainted": false
                    },
                    "deposed": [],
                    "provider": ""
                },
                "aws_instance.worker.2": {
                    "type": "aws_instance",
                    "depends_on": [
                        "aws_security_group.swarm_worker",
                        "aws_subnet.swarm_private"
                    ],
                    "primary": {
                        "id": "i-026835a7a29e6994a",
                        "attributes": {
                            "ami": "ami-0bcbcb6d",
                            "associate_public_ip_address": "false",
                            "availability_zone": "eu-west-1a",
                            "disable_api_termination": "false",
                            "ebs_block_device.#": "0",
                            "ebs_optimized": "false",
                            "ephemeral_block_device.#": "0",
                            "iam_instance_profile": "",
                            "id": "i-026835a7a29e6994a",
                            "instance_state": "running",
                            "instance_type": "t2.micro",
                            "ipv6_address_count": "0",
                            "ipv6_addresses.#": "0",
                            "key_name": "swarm-clstr-kp",
                            "monitoring": "false",
                            "network_interface.#": "0",
                            "network_interface_id": "eni-79d6d375",
                            "primary_network_interface_id": "eni-79d6d375",
                            "private_dns": "ip-10-43-1-32.eu-west-1.compute.internal",
                            "private_ip": "10.43.1.32",
                            "public_dns": "",
                            "public_ip": "",
                            "root_block_device.#": "1",
                            "root_block_device.0.delete_on_termination": "true",
                            "root_block_device.0.iops": "0",
                            "root_block_device.0.volume_size": "8",
                            "root_block_device.0.volume_type": "standard",
                            "security_groups.#": "0",
                            "source_dest_check": "false",
                            "subnet_id": "subnet-d789868f",
                            "tags.%": "5",
                            "tags.Name": "worker-2",
                            "tags.Owner": "Mark",
                            "tags.ansibleFilter": "swarm01",
                            "tags.ansibleNodeName": "worker2",
                            "tags.ansibleNodeType": "worker",
                            "tenancy": "default",
                            "volume_tags.%": "0",
                            "vpc_security_group_ids.#": "1",
                            "vpc_security_group_ids.1963557183": "sg-b6654ecf"
                        },
                        "meta": {
                            "schema_version": "1"
                        },
                        "tainted": false
                    },
                    "deposed": [],
                    "provider": ""
                },
                "aws_internet_gateway.gw": {
                    "type": "aws_internet_gateway",
                    "depends_on": [
                        "aws_vpc.swarm"
                    ],
                    "primary": {
                        "id": "igw-810368e5",
                        "attributes": {
                            "id": "igw-810368e5",
                            "tags.%": "2",
                            "tags.Name": "swarm IG",
                            "tags.Owner": "Mark",
                            "vpc_id": "vpc-7711d210"
                        },
                        "meta": {},
                        "tainted": false
                    },
                    "deposed": [],
                    "provider": ""
                },
                "aws_nat_gateway.gw": {
                    "type": "aws_nat_gateway",
                    "depends_on": [
                        "aws_eip.nat_eip",
                        "aws_internet_gateway.gw",
                        "aws_subnet.swarm_public"
                    ],
                    "primary": {
                        "id": "nat-0f030e9497b0220c4",
                        "attributes": {
                            "allocation_id": "eipalloc-e0d9b4da",
                            "id": "nat-0f030e9497b0220c4",
                            "network_interface_id": "eni-d7d4d1db",
                            "private_ip": "10.43.0.26",
                            "public_ip": "52.214.112.101",
                            "subnet_id": "subnet-e68b84be"
                        },
                        "meta": {},
                        "tainted": false
                    },
                    "deposed": [],
                    "provider": ""
                },
                "aws_route_table.swarm_private": {
                    "type": "aws_route_table",
                    "depends_on": [
                        "aws_nat_gateway.gw",
                        "aws_vpc.swarm"
                    ],
                    "primary": {
                        "id": "rtb-e7ffac80",
                        "attributes": {
                            "id": "rtb-e7ffac80",
                            "propagating_vgws.#": "0",
                            "route.#": "1",
                            "route.235965472.cidr_block": "0.0.0.0/0",
                            "route.235965472.egress_only_gateway_id": "",
                            "route.235965472.gateway_id": "",
                            "route.235965472.instance_id": "",
                            "route.235965472.ipv6_cidr_block": "",
                            "route.235965472.nat_gateway_id": "nat-0f030e9497b0220c4",
                            "route.235965472.network_interface_id": "",
                            "route.235965472.vpc_peering_connection_id": "",
                            "tags.%": "2",
                            "tags.Name": "swarm",
                            "tags.Owner": "Mark",
                            "vpc_id": "vpc-7711d210"
                        },
                        "meta": {},
                        "tainted": false
                    },
                    "deposed": [],
                    "provider": ""
                },
                "aws_route_table.swarm_public": {
                    "type": "aws_route_table",
                    "depends_on": [
                        "aws_internet_gateway.gw",
                        "aws_vpc.swarm"
                    ],
                    "primary": {
                        "id": "rtb-28f9aa4f",
                        "attributes": {
                            "id": "rtb-28f9aa4f",
                            "propagating_vgws.#": "0",
                            "route.#": "1",
                            "route.4018464100.cidr_block": "0.0.0.0/0",
                            "route.4018464100.egress_only_gateway_id": "",
                            "route.4018464100.gateway_id": "igw-810368e5",
                            "route.4018464100.instance_id": "",
                            "route.4018464100.ipv6_cidr_block": "",
                            "route.4018464100.nat_gateway_id": "",
                            "route.4018464100.network_interface_id": "",
                            "route.4018464100.vpc_peering_connection_id": "",
                            "tags.%": "2",
                            "tags.Name": "swarm",
                            "tags.Owner": "Mark",
                            "vpc_id": "vpc-7711d210"
                        },
                        "meta": {},
                        "tainted": false
                    },
                    "deposed": [],
                    "provider": ""
                },
                "aws_route_table_association.swarm_private": {
                    "type": "aws_route_table_association",
                    "depends_on": [
                        "aws_route_table.swarm_private",
                        "aws_subnet.swarm_private"
                    ],
                    "primary": {
                        "id": "rtbassoc-0ffa9e69",
                        "attributes": {
                            "id": "rtbassoc-0ffa9e69",
                            "route_table_id": "rtb-e7ffac80",
                            "subnet_id": "subnet-d789868f"
                        },
                        "meta": {},
                        "tainted": false
                    },
                    "deposed": [],
                    "provider": ""
                },
                "aws_route_table_association.swarm_public": {
                    "type": "aws_route_table_association",
                    "depends_on": [
                        "aws_route_table.swarm_public",
                        "aws_subnet.swarm_public"
                    ],
                    "primary": {
                        "id": "rtbassoc-18fb9f7e",
                        "attributes": {
                            "id": "rtbassoc-18fb9f7e",
                            "route_table_id": "rtb-28f9aa4f",
                            "subnet_id": "subnet-e68b84be"
                        },
                        "meta": {},
                        "tainted": false
                    },
                    "deposed": [],
                    "provider": ""
                },
                "aws_security_group.bastion": {
                    "type": "aws_security_group",
                    "depends_on": [
                        "aws_vpc.swarm"
                    ],
                    "primary": {
                        "id": "sg-c9664db0",
                        "attributes": {
                            "description": "Managed by Terraform",
                            "egress.#": "1",
                            "egress.482069346.cidr_blocks.#": "1",
                            "egress.482069346.cidr_blocks.0": "0.0.0.0/0",
                            "egress.482069346.from_port": "0",
                            "egress.482069346.ipv6_cidr_blocks.#": "0",
                            "egress.482069346.prefix_list_ids.#": "0",
                            "egress.482069346.protocol": "-1",
                            "egress.482069346.security_groups.#": "0",
                            "egress.482069346.self": "false",
                            "egress.482069346.to_port": "0",
                            "id": "sg-c9664db0",
                            "ingress.#": "1",
                            "ingress.2541437006.cidr_blocks.#": "1",
                            "ingress.2541437006.cidr_blocks.0": "0.0.0.0/0",
                            "ingress.2541437006.from_port": "22",
                            "ingress.2541437006.ipv6_cidr_blocks.#": "0",
                            "ingress.2541437006.protocol": "TCP",
                            "ingress.2541437006.security_groups.#": "0",
                            "ingress.2541437006.self": "false",
                            "ingress.2541437006.to_port": "22",
                            "name": "bastion-sg",
                            "owner_id": "656298526922",
                            "tags.%": "2",
                            "tags.Name": "bastion-sg",
                            "tags.Owner": "Mark",
                            "vpc_id": "vpc-7711d210"
                        },
                        "meta": {},
                        "tainted": false
                    },
                    "deposed": [],
                    "provider": ""
                },
                "aws_security_group.swarm_elb": {
                    "type": "aws_security_group",
                    "depends_on": [
                        "aws_vpc.swarm"
                    ],
                    "primary": {
                        "id": "sg-0f654e76",
                        "attributes": {
                            "description": "Managed by Terraform",
                            "egress.#": "1",
                            "egress.482069346.cidr_blocks.#": "1",
                            "egress.482069346.cidr_blocks.0": "0.0.0.0/0",
                            "egress.482069346.from_port": "0",
                            "egress.482069346.ipv6_cidr_blocks.#": "0",
                            "egress.482069346.prefix_list_ids.#": "0",
                            "egress.482069346.protocol": "-1",
                            "egress.482069346.security_groups.#": "0",
                            "egress.482069346.self": "false",
                            "egress.482069346.to_port": "0",
                            "id": "sg-0f654e76",
                            "ingress.#": "1",
                            "ingress.1994621032.cidr_blocks.#": "1",
                            "ingress.1994621032.cidr_blocks.0": "0.0.0.0/0",
                            "ingress.1994621032.from_port": "3000",
                            "ingress.1994621032.ipv6_cidr_blocks.#": "0",
                            "ingress.1994621032.protocol": "TCP",
                            "ingress.1994621032.security_groups.#": "0",
                            "ingress.1994621032.self": "false",
                            "ingress.1994621032.to_port": "3000",
                            "name": "swarm-elb-sg",
                            "owner_id": "656298526922",
                            "tags.%": "2",
                            "tags.Name": "swarm-elb-sg",
                            "tags.Owner": "Mark",
                            "vpc_id": "vpc-7711d210"
                        },
                        "meta": {},
                        "tainted": false
                    },
                    "deposed": [],
                    "provider": ""
                },
                "aws_security_group.swarm_master": {
                    "type": "aws_security_group",
                    "depends_on": [
                        "aws_vpc.swarm"
                    ],
                    "primary": {
                        "id": "sg-41624938",
                        "attributes": {
                            "description": "Managed by Terraform",
                            "egress.#": "1",
                            "egress.482069346.cidr_blocks.#": "1",
                            "egress.482069346.cidr_blocks.0": "0.0.0.0/0",
                            "egress.482069346.from_port": "0",
                            "egress.482069346.ipv6_cidr_blocks.#": "0",
                            "egress.482069346.prefix_list_ids.#": "0",
                            "egress.482069346.protocol": "-1",
                            "egress.482069346.security_groups.#": "0",
                            "egress.482069346.self": "false",
                            "egress.482069346.to_port": "0",
                            "id": "sg-41624938",
                            "ingress.#": "2",
                            "ingress.3348774626.cidr_blocks.#": "1",
                            "ingress.3348774626.cidr_blocks.0": "10.43.0.0/24",
                            "ingress.3348774626.from_port": "22",
                            "ingress.3348774626.ipv6_cidr_blocks.#": "0",
                            "ingress.3348774626.protocol": "TCP",
                            "ingress.3348774626.security_groups.#": "0",
                            "ingress.3348774626.self": "false",
                            "ingress.3348774626.to_port": "22",
                            "ingress.3924767910.cidr_blocks.#": "1",
                            "ingress.3924767910.cidr_blocks.0": "10.43.0.0/24",
                            "ingress.3924767910.from_port": "1000",
                            "ingress.3924767910.ipv6_cidr_blocks.#": "0",
                            "ingress.3924767910.protocol": "TCP",
                            "ingress.3924767910.security_groups.#": "0",
                            "ingress.3924767910.self": "false",
                            "ingress.3924767910.to_port": "65000",
                            "name": "swarm-master-sg",
                            "owner_id": "656298526922",
                            "tags.%": "2",
                            "tags.Name": "swarm-master-sg",
                            "tags.Owner": "Mark",
                            "vpc_id": "vpc-7711d210"
                        },
                        "meta": {},
                        "tainted": false
                    },
                    "deposed": [],
                    "provider": ""
                },
                "aws_security_group.swarm_worker": {
                    "type": "aws_security_group",
                    "depends_on": [
                        "aws_vpc.swarm"
                    ],
                    "primary": {
                        "id": "sg-b6654ecf",
                        "attributes": {
                            "description": "Managed by Terraform",
                            "egress.#": "1",
                            "egress.482069346.cidr_blocks.#": "1",
                            "egress.482069346.cidr_blocks.0": "0.0.0.0/0",
                            "egress.482069346.from_port": "0",
                            "egress.482069346.ipv6_cidr_blocks.#": "0",
                            "egress.482069346.prefix_list_ids.#": "0",
                            "egress.482069346.protocol": "-1",
                            "egress.482069346.security_groups.#": "0",
                            "egress.482069346.self": "false",
                            "egress.482069346.to_port": "0",
                            "id": "sg-b6654ecf",
                            "ingress.#": "2",
                            "ingress.3348774626.cidr_blocks.#": "1",
                            "ingress.3348774626.cidr_blocks.0": "10.43.0.0/24",
                            "ingress.3348774626.from_port": "22",
                            "ingress.3348774626.ipv6_cidr_blocks.#": "0",
                            "ingress.3348774626.protocol": "TCP",
                            "ingress.3348774626.security_groups.#": "0",
                            "ingress.3348774626.self": "false",
                            "ingress.3348774626.to_port": "22",
                            "ingress.3924767910.cidr_blocks.#": "1",
                            "ingress.3924767910.cidr_blocks.0": "10.43.0.0/24",
                            "ingress.3924767910.from_port": "1000",
                            "ingress.3924767910.ipv6_cidr_blocks.#": "0",
                            "ingress.3924767910.protocol": "TCP",
                            "ingress.3924767910.security_groups.#": "0",
                            "ingress.3924767910.self": "false",
                            "ingress.3924767910.to_port": "65000",
                            "name": "swarm-worker-sg",
                            "owner_id": "656298526922",
                            "tags.%": "2",
                            "tags.Name": "swarm-worker-sg",
                            "tags.Owner": "Mark",
                            "vpc_id": "vpc-7711d210"
                        },
                        "meta": {},
                        "tainted": false
                    },
                    "deposed": [],
                    "provider": ""
                },
                "aws_subnet.swarm_private": {
                    "type": "aws_subnet",
                    "depends_on": [
                        "aws_vpc.swarm"
                    ],
                    "primary": {
                        "id": "subnet-d789868f",
                        "attributes": {
                            "assign_ipv6_address_on_creation": "false",
                            "availability_zone": "eu-west-1a",
                            "cidr_block": "10.43.1.0/24",
                            "id": "subnet-d789868f",
                            "map_public_ip_on_launch": "false",
                            "tags.%": "3",
                            "tags.Name": "swarm",
                            "tags.Owner": "Mark",
                            "tags.Type": "Private subnet",
                            "vpc_id": "vpc-7711d210"
                        },
                        "meta": {
                            "schema_version": "1"
                        },
                        "tainted": false
                    },
                    "deposed": [],
                    "provider": ""
                },
                "aws_subnet.swarm_public": {
                    "type": "aws_subnet",
                    "depends_on": [
                        "aws_vpc.swarm"
                    ],
                    "primary": {
                        "id": "subnet-e68b84be",
                        "attributes": {
                            "assign_ipv6_address_on_creation": "false",
                            "availability_zone": "eu-west-1a",
                            "cidr_block": "10.43.0.0/24",
                            "id": "subnet-e68b84be",
                            "map_public_ip_on_launch": "false",
                            "tags.%": "3",
                            "tags.Name": "swarm",
                            "tags.Owner": "Mark",
                            "tags.Type": "Public subnet",
                            "vpc_id": "vpc-7711d210"
                        },
                        "meta": {
                            "schema_version": "1"
                        },
                        "tainted": false
                    },
                    "deposed": [],
                    "provider": ""
                },
                "aws_vpc.swarm": {
                    "type": "aws_vpc",
                    "depends_on": [],
                    "primary": {
                        "id": "vpc-7711d210",
                        "attributes": {
                            "assign_generated_ipv6_cidr_block": "false",
                            "cidr_block": "10.43.0.0/16",
                            "default_network_acl_id": "acl-d2cb5fb5",
                            "default_route_table_id": "rtb-12ffac75",
                            "default_security_group_id": "sg-33664d4a",
                            "dhcp_options_id": "dopt-b8b8eadc",
                            "enable_classiclink": "false",
                            "enable_dns_hostnames": "true",
                            "enable_dns_support": "true",
                            "id": "vpc-7711d210",
                            "instance_tenancy": "default",
                            "main_route_table_id": "rtb-12ffac75",
                            "tags.%": "2",
                            "tags.Name": "swarm",
                            "tags.Owner": "Mark"
                        },
                        "meta": {
                            "schema_version": "1"
                        },
                        "tainted": false
                    },
                    "deposed": [],
                    "provider": ""
                },
                "aws_vpc_dhcp_options.dns_resolver": {
                    "type": "aws_vpc_dhcp_options",
                    "depends_on": [],
                    "primary": {
                        "id": "dopt-b8b8eadc",
                        "attributes": {
                            "domain_name": "eu-west-1.compute.internal",
                            "domain_name_servers.#": "1",
                            "domain_name_servers.0": "AmazonProvidedDNS",
                            "id": "dopt-b8b8eadc",
                            "tags.%": "2",
                            "tags.Name": "swarm",
                            "tags.Owner": "Mark"
                        },
                        "meta": {},
                        "tainted": false
                    },
                    "deposed": [],
                    "provider": ""
                },
                "aws_vpc_dhcp_options_association.dns_resolver": {
                    "type": "aws_vpc_dhcp_options_association",
                    "depends_on": [
                        "aws_vpc.swarm",
                        "aws_vpc_dhcp_options.dns_resolver"
                    ],
                    "primary": {
                        "id": "dopt-b8b8eadc-vpc-7711d210",
                        "attributes": {
                            "dhcp_options_id": "dopt-b8b8eadc",
                            "id": "dopt-b8b8eadc-vpc-7711d210",
                            "vpc_id": "vpc-7711d210"
                        },
                        "meta": {},
                        "tainted": false
                    },
                    "deposed": [],
                    "provider": ""
                },
                "data.template_file.ssh_cfg": {
                    "type": "template_file",
                    "depends_on": [
                        "aws_instance.bastion",
                        "aws_instance.master",
                        "aws_instance.master.1",
                        "aws_instance.master.2",
                        "aws_instance.worker",
                        "aws_instance.worker.1",
                        "aws_instance.worker.2"
                    ],
                    "primary": {
                        "id": "0bd23894f65be8f98a8728a2eea7358712c62bb9eeb705f50c450bbb5bd574d2",
                        "attributes": {
                            "id": "0bd23894f65be8f98a8728a2eea7358712c62bb9eeb705f50c450bbb5bd574d2",
                            "rendered": "Host bastion\n  Hostname 54.194.88.189\n  User core\n  UserKnownHostsFile=/dev/null\n  StrictHostKeyChecking=no\n\nHost master0\n Hostname 10.43.1.20\n User core\n ProxyCommand ssh core@54.194.88.189 -W %h:%p\n UserKnownHostsFile=/dev/null\n StrictHostKeyChecking=no\n\nHost master1\n Hostname 10.43.1.21\n User core\n UserKnownHostsFile=/dev/null\n StrictHostKeyChecking=no\n\nHost master2\n Hostname 10.43.1.22\n User core\n UserKnownHostsFile=/dev/null\n StrictHostKeyChecking=no\n\nHost worker0\n Hostname 10.43.1.30\n User core\n UserKnownHostsFile=/dev/null\n StrictHostKeyChecking=no\n\nHost worker1\n Hostname 10.43.1.31\n User core\n UserKnownHostsFile=/dev/null\n StrictHostKeyChecking=no\n\nHost worker2\n Hostname 10.43.1.32\n User core\n UserKnownHostsFile=/dev/null\n StrictHostKeyChecking=no\n",
                            "template": "Host bastion\n  Hostname ${bastion_ip}\n  User ${user}\n  UserKnownHostsFile=/dev/null\n  StrictHostKeyChecking=no\n\nHost master0\n Hostname ${master0_ip}\n User ${user}\n ProxyCommand ssh ${user}@${bastion_ip} -W %h:%p\n UserKnownHostsFile=/dev/null\n StrictHostKeyChecking=no\n\nHost master1\n Hostname ${master1_ip}\n User ${user}\n UserKnownHostsFile=/dev/null\n StrictHostKeyChecking=no\n\nHost master2\n Hostname ${master2_ip}\n User ${user}\n UserKnownHostsFile=/dev/null\n StrictHostKeyChecking=no\n\nHost worker0\n Hostname ${worker0_ip}\n User ${user}\n UserKnownHostsFile=/dev/null\n StrictHostKeyChecking=no\n\nHost worker1\n Hostname ${worker1_ip}\n User ${user}\n UserKnownHostsFile=/dev/null\n StrictHostKeyChecking=no\n\nHost worker2\n Hostname ${worker2_ip}\n User ${user}\n UserKnownHostsFile=/dev/null\n StrictHostKeyChecking=no\n",
                            "vars.%": "8",
                            "vars.bastion_ip": "54.194.88.189",
                            "vars.master0_ip": "10.43.1.20",
                            "vars.master1_ip": "10.43.1.21",
                            "vars.master2_ip": "10.43.1.22",
                            "vars.user": "core",
                            "vars.worker0_ip": "10.43.1.30",
                            "vars.worker1_ip": "10.43.1.31",
                            "vars.worker2_ip": "10.43.1.32"
                        },
                        "meta": {},
                        "tainted": false
                    },
                    "deposed": [],
                    "provider": ""
                },
                "null_resource.ssh_cfg": {
                    "type": "null_resource",
                    "depends_on": [
                        "data.template_file.ssh_cfg"
                    ],
                    "primary": {
                        "id": "3352842414095243936",
                        "attributes": {
                            "id": "3352842414095243936",
                            "triggers.%": "1",
                            "triggers.template_rendered": "Host bastion\n  Hostname 54.194.88.189\n  User core\n  UserKnownHostsFile=/dev/null\n  StrictHostKeyChecking=no\n\nHost master0\n Hostname 10.43.1.20\n User core\n ProxyCommand ssh core@54.194.88.189 -W %h:%p\n UserKnownHostsFile=/dev/null\n StrictHostKeyChecking=no\n\nHost master1\n Hostname 10.43.1.21\n User core\n UserKnownHostsFile=/dev/null\n StrictHostKeyChecking=no\n\nHost master2\n Hostname 10.43.1.22\n User core\n UserKnownHostsFile=/dev/null\n StrictHostKeyChecking=no\n\nHost worker0\n Hostname 10.43.1.30\n User core\n UserKnownHostsFile=/dev/null\n StrictHostKeyChecking=no\n\nHost worker1\n Hostname 10.43.1.31\n User core\n UserKnownHostsFile=/dev/null\n StrictHostKeyChecking=no\n\nHost worker2\n Hostname 10.43.1.32\n User core\n UserKnownHostsFile=/dev/null\n StrictHostKeyChecking=no\n"
                        },
                        "meta": {},
                        "tainted": false
                    },
                    "deposed": [],
                    "provider": ""
                }
            },
            "depends_on": []
        }
    ]
}
