{
    "version": 3,
    "terraform_version": "0.9.5",
    "serial": 15,
    "lineage": "442781aa-029f-43b9-b4bc-4087ab64429e",
    "modules": [
        {
            "path": [
                "root"
            ],
            "outputs": {
                "bastion_public_ip": {
                    "sensitive": false,
                    "type": "string",
                    "value": "54.154.245.205"
                },
                "swram_masters_private_ip": {
                    "sensitive": false,
                    "type": "string",
                    "value": "10.43.1.20,10.43.1.21,10.43.1.22"
                },
                "swram_workers_private_ip": {
                    "sensitive": false,
                    "type": "string",
                    "value": "10.43.1.30,10.43.1.31,10.43.1.32"
                }
            },
            "resources": {
                "aws_eip.nat_eip": {
                    "type": "aws_eip",
                    "depends_on": [],
                    "primary": {
                        "id": "eipalloc-db234fe1",
                        "attributes": {
                            "association_id": "",
                            "domain": "vpc",
                            "id": "eipalloc-db234fe1",
                            "instance": "",
                            "network_interface": "",
                            "private_ip": "",
                            "public_ip": "52.31.109.235",
                            "vpc": "true"
                        },
                        "meta": {},
                        "tainted": false
                    },
                    "deposed": [],
                    "provider": ""
                },
                "aws_iam_instance_profile.swarm": {
                    "type": "aws_iam_instance_profile",
                    "depends_on": [
                        "aws_iam_role.swarm"
                    ],
                    "primary": {
                        "id": "swarm",
                        "attributes": {
                            "arn": "arn:aws:iam::656298526922:instance-profile/swarm",
                            "id": "swarm",
                            "name": "swarm",
                            "path": "/",
                            "role": "swarm",
                            "roles.#": "1",
                            "roles.3920056993": "swarm",
                            "unique_id": "AIPAJP6LN7KNX6QWK2CLO"
                        },
                        "meta": {},
                        "tainted": false
                    },
                    "deposed": [],
                    "provider": ""
                },
                "aws_iam_role.swarm": {
                    "type": "aws_iam_role",
                    "depends_on": [],
                    "primary": {
                        "id": "swarm",
                        "attributes": {
                            "arn": "arn:aws:iam::656298526922:role/swarm",
                            "assume_role_policy": "{\"Version\":\"2012-10-17\",\"Statement\":[{\"Effect\":\"Allow\",\"Principal\":{\"Service\":\"ec2.amazonaws.com\"},\"Action\":\"sts:AssumeRole\"}]}",
                            "create_date": "2017-05-23T09:59:08Z",
                            "id": "swarm",
                            "name": "swarm",
                            "path": "/",
                            "unique_id": "AROAI6BLXO3ANNCAY237A"
                        },
                        "meta": {},
                        "tainted": false
                    },
                    "deposed": [],
                    "provider": ""
                },
                "aws_iam_role_policy.swarm": {
                    "type": "aws_iam_role_policy",
                    "depends_on": [
                        "aws_iam_role.swarm"
                    ],
                    "primary": {
                        "id": "swarm:swarm",
                        "attributes": {
                            "id": "swarm:swarm",
                            "name": "swarm",
                            "policy": "{\n  \"Version\": \"2012-10-17\",\n  \"Statement\": [\n    {\n      \"Action\" : [\"ec2:*\"],\n      \"Effect\": \"Allow\",\n      \"Resource\": [\"*\"]\n    },\n    {\n      \"Action\" : [\"elasticloadbalancing:*\"],\n      \"Effect\": \"Allow\",\n      \"Resource\": [\"*\"]\n    },\n    {\n      \"Action\": \"route53:*\",\n      \"Effect\": \"Allow\",\n      \"Resource\": [\"*\"]\n    },\n    {\n      \"Action\": \"ecr:*\",\n      \"Effect\": \"Allow\",\n      \"Resource\": \"*\"\n    }\n  ]\n}\n",
                            "role": "swarm"
                        },
                        "meta": {},
                        "tainted": false
                    },
                    "deposed": [],
                    "provider": ""
                },
                "aws_instance.bastion": {
                    "type": "aws_instance",
                    "depends_on": [
                        "aws_security_group.bastion",
                        "aws_subnet.swarm_public"
                    ],
                    "primary": {
                        "id": "i-087086c7c8891944b",
                        "attributes": {
                            "ami": "ami-0bcbcb6d",
                            "associate_public_ip_address": "true",
                            "availability_zone": "eu-west-1a",
                            "disable_api_termination": "false",
                            "ebs_block_device.#": "0",
                            "ebs_optimized": "false",
                            "ephemeral_block_device.#": "0",
                            "iam_instance_profile": "",
                            "id": "i-087086c7c8891944b",
                            "instance_state": "running",
                            "instance_type": "t2.micro",
                            "ipv6_address_count": "0",
                            "ipv6_addresses.#": "0",
                            "key_name": "swarm-clstr-kp",
                            "monitoring": "false",
                            "network_interface.#": "0",
                            "network_interface_id": "eni-92686c9e",
                            "primary_network_interface_id": "eni-92686c9e",
                            "private_dns": "ip-10-43-0-7.eu-west-1.compute.internal",
                            "private_ip": "10.43.0.7",
                            "public_dns": "ec2-54-154-245-205.eu-west-1.compute.amazonaws.com",
                            "public_ip": "54.154.245.205",
                            "root_block_device.#": "1",
                            "root_block_device.0.delete_on_termination": "true",
                            "root_block_device.0.iops": "0",
                            "root_block_device.0.volume_size": "8",
                            "root_block_device.0.volume_type": "standard",
                            "security_groups.#": "0",
                            "source_dest_check": "true",
                            "subnet_id": "subnet-f69699ae",
                            "tags.%": "5",
                            "tags.Name": "bastion",
                            "tags.Owner": "Mark",
                            "tags.ansibleFilter": "bastion",
                            "tags.ansibleNodeName": "bastion",
                            "tags.ansibleNodeType": "bastion",
                            "tenancy": "default",
                            "volume_tags.%": "0",
                            "vpc_security_group_ids.#": "1",
                            "vpc_security_group_ids.1765377468": "sg-f63a118f"
                        },
                        "meta": {
                            "schema_version": "1"
                        },
                        "tainted": false
                    },
                    "deposed": [],
                    "provider": ""
                },
                "aws_instance.master.0": {
                    "type": "aws_instance",
                    "depends_on": [
                        "aws_iam_instance_profile.swarm",
                        "aws_security_group.swarm_master",
                        "aws_subnet.swarm_private"
                    ],
                    "primary": {
                        "id": "i-01cfb521a3640462c",
                        "attributes": {
                            "ami": "ami-0bcbcb6d",
                            "associate_public_ip_address": "false",
                            "availability_zone": "eu-west-1a",
                            "disable_api_termination": "false",
                            "ebs_block_device.#": "0",
                            "ebs_optimized": "false",
                            "ephemeral_block_device.#": "0",
                            "iam_instance_profile": "swarm",
                            "id": "i-01cfb521a3640462c",
                            "instance_state": "running",
                            "instance_type": "t2.micro",
                            "ipv6_address_count": "0",
                            "ipv6_addresses.#": "0",
                            "key_name": "swarm-clstr-kp",
                            "monitoring": "false",
                            "network_interface.#": "0",
                            "network_interface_id": "eni-5671755a",
                            "primary_network_interface_id": "eni-5671755a",
                            "private_dns": "ip-10-43-1-20.eu-west-1.compute.internal",
                            "private_ip": "10.43.1.20",
                            "public_dns": "",
                            "public_ip": "",
                            "root_block_device.#": "1",
                            "root_block_device.0.delete_on_termination": "true",
                            "root_block_device.0.iops": "0",
                            "root_block_device.0.volume_size": "8",
                            "root_block_device.0.volume_type": "standard",
                            "security_groups.#": "0",
                            "source_dest_check": "false",
                            "subnet_id": "subnet-3c929d64",
                            "tags.%": "5",
                            "tags.Name": "master-0",
                            "tags.Owner": "Mark",
                            "tags.ansibleFilter": "swarm01",
                            "tags.ansibleNodeName": "master0",
                            "tags.ansibleNodeType": "master",
                            "tenancy": "default",
                            "volume_tags.%": "0",
                            "vpc_security_group_ids.#": "1",
                            "vpc_security_group_ids.3526274513": "sg-643b101d"
                        },
                        "meta": {
                            "schema_version": "1"
                        },
                        "tainted": false
                    },
                    "deposed": [],
                    "provider": ""
                },
                "aws_instance.master.1": {
                    "type": "aws_instance",
                    "depends_on": [
                        "aws_iam_instance_profile.swarm",
                        "aws_security_group.swarm_master",
                        "aws_subnet.swarm_private"
                    ],
                    "primary": {
                        "id": "i-0bc9409a7f696d08f",
                        "attributes": {
                            "ami": "ami-0bcbcb6d",
                            "associate_public_ip_address": "false",
                            "availability_zone": "eu-west-1a",
                            "disable_api_termination": "false",
                            "ebs_block_device.#": "0",
                            "ebs_optimized": "false",
                            "ephemeral_block_device.#": "0",
                            "iam_instance_profile": "swarm",
                            "id": "i-0bc9409a7f696d08f",
                            "instance_state": "running",
                            "instance_type": "t2.micro",
                            "ipv6_address_count": "0",
                            "ipv6_addresses.#": "0",
                            "key_name": "swarm-clstr-kp",
                            "monitoring": "false",
                            "network_interface.#": "0",
                            "network_interface_id": "eni-406a6e4c",
                            "primary_network_interface_id": "eni-406a6e4c",
                            "private_dns": "ip-10-43-1-21.eu-west-1.compute.internal",
                            "private_ip": "10.43.1.21",
                            "public_dns": "",
                            "public_ip": "",
                            "root_block_device.#": "1",
                            "root_block_device.0.delete_on_termination": "true",
                            "root_block_device.0.iops": "0",
                            "root_block_device.0.volume_size": "8",
                            "root_block_device.0.volume_type": "standard",
                            "security_groups.#": "0",
                            "source_dest_check": "false",
                            "subnet_id": "subnet-3c929d64",
                            "tags.%": "5",
                            "tags.Name": "master-1",
                            "tags.Owner": "Mark",
                            "tags.ansibleFilter": "swarm01",
                            "tags.ansibleNodeName": "master1",
                            "tags.ansibleNodeType": "master",
                            "tenancy": "default",
                            "volume_tags.%": "0",
                            "vpc_security_group_ids.#": "1",
                            "vpc_security_group_ids.3526274513": "sg-643b101d"
                        },
                        "meta": {
                            "schema_version": "1"
                        },
                        "tainted": false
                    },
                    "deposed": [],
                    "provider": ""
                },
                "aws_instance.master.2": {
                    "type": "aws_instance",
                    "depends_on": [
                        "aws_iam_instance_profile.swarm",
                        "aws_security_group.swarm_master",
                        "aws_subnet.swarm_private"
                    ],
                    "primary": {
                        "id": "i-00a7922faa044cb83",
                        "attributes": {
                            "ami": "ami-0bcbcb6d",
                            "associate_public_ip_address": "false",
                            "availability_zone": "eu-west-1a",
                            "disable_api_termination": "false",
                            "ebs_block_device.#": "0",
                            "ebs_optimized": "false",
                            "ephemeral_block_device.#": "0",
                            "iam_instance_profile": "swarm",
                            "id": "i-00a7922faa044cb83",
                            "instance_state": "running",
                            "instance_type": "t2.micro",
                            "ipv6_address_count": "0",
                            "ipv6_addresses.#": "0",
                            "key_name": "swarm-clstr-kp",
                            "monitoring": "false",
                            "network_interface.#": "0",
                            "network_interface_id": "eni-58696d54",
                            "primary_network_interface_id": "eni-58696d54",
                            "private_dns": "ip-10-43-1-22.eu-west-1.compute.internal",
                            "private_ip": "10.43.1.22",
                            "public_dns": "",
                            "public_ip": "",
                            "root_block_device.#": "1",
                            "root_block_device.0.delete_on_termination": "true",
                            "root_block_device.0.iops": "0",
                            "root_block_device.0.volume_size": "8",
                            "root_block_device.0.volume_type": "standard",
                            "security_groups.#": "0",
                            "source_dest_check": "false",
                            "subnet_id": "subnet-3c929d64",
                            "tags.%": "5",
                            "tags.Name": "master-2",
                            "tags.Owner": "Mark",
                            "tags.ansibleFilter": "swarm01",
                            "tags.ansibleNodeName": "master2",
                            "tags.ansibleNodeType": "master",
                            "tenancy": "default",
                            "volume_tags.%": "0",
                            "vpc_security_group_ids.#": "1",
                            "vpc_security_group_ids.3526274513": "sg-643b101d"
                        },
                        "meta": {
                            "schema_version": "1"
                        },
                        "tainted": false
                    },
                    "deposed": [],
                    "provider": ""
                },
                "aws_instance.worker.0": {
                    "type": "aws_instance",
                    "depends_on": [
                        "aws_security_group.swarm_worker",
                        "aws_subnet.swarm_private"
                    ],
                    "primary": {
                        "id": "i-0254cd1416e9cd852",
                        "attributes": {
                            "ami": "ami-0bcbcb6d",
                            "associate_public_ip_address": "false",
                            "availability_zone": "eu-west-1a",
                            "disable_api_termination": "false",
                            "ebs_block_device.#": "0",
                            "ebs_optimized": "false",
                            "ephemeral_block_device.#": "0",
                            "iam_instance_profile": "",
                            "id": "i-0254cd1416e9cd852",
                            "instance_state": "running",
                            "instance_type": "t2.micro",
                            "ipv6_address_count": "0",
                            "ipv6_addresses.#": "0",
                            "key_name": "swarm-clstr-kp",
                            "monitoring": "false",
                            "network_interface.#": "0",
                            "network_interface_id": "eni-fa7074f6",
                            "primary_network_interface_id": "eni-fa7074f6",
                            "private_dns": "ip-10-43-1-30.eu-west-1.compute.internal",
                            "private_ip": "10.43.1.30",
                            "public_dns": "",
                            "public_ip": "",
                            "root_block_device.#": "1",
                            "root_block_device.0.delete_on_termination": "true",
                            "root_block_device.0.iops": "0",
                            "root_block_device.0.volume_size": "8",
                            "root_block_device.0.volume_type": "standard",
                            "security_groups.#": "0",
                            "source_dest_check": "false",
                            "subnet_id": "subnet-3c929d64",
                            "tags.%": "5",
                            "tags.Name": "worker-0",
                            "tags.Owner": "Mark",
                            "tags.ansibleFilter": "swarm01",
                            "tags.ansibleNodeName": "worker0",
                            "tags.ansibleNodeType": "worker",
                            "tenancy": "default",
                            "volume_tags.%": "0",
                            "vpc_security_group_ids.#": "1",
                            "vpc_security_group_ids.3695986398": "sg-453a113c"
                        },
                        "meta": {
                            "schema_version": "1"
                        },
                        "tainted": false
                    },
                    "deposed": [],
                    "provider": ""
                },
                "aws_instance.worker.1": {
                    "type": "aws_instance",
                    "depends_on": [
                        "aws_security_group.swarm_worker",
                        "aws_subnet.swarm_private"
                    ],
                    "primary": {
                        "id": "i-0c6ff58ac16272635",
                        "attributes": {
                            "ami": "ami-0bcbcb6d",
                            "associate_public_ip_address": "false",
                            "availability_zone": "eu-west-1a",
                            "disable_api_termination": "false",
                            "ebs_block_device.#": "0",
                            "ebs_optimized": "false",
                            "ephemeral_block_device.#": "0",
                            "iam_instance_profile": "",
                            "id": "i-0c6ff58ac16272635",
                            "instance_state": "running",
                            "instance_type": "t2.micro",
                            "ipv6_address_count": "0",
                            "ipv6_addresses.#": "0",
                            "key_name": "swarm-clstr-kp",
                            "monitoring": "false",
                            "network_interface.#": "0",
                            "network_interface_id": "eni-55717559",
                            "primary_network_interface_id": "eni-55717559",
                            "private_dns": "ip-10-43-1-31.eu-west-1.compute.internal",
                            "private_ip": "10.43.1.31",
                            "public_dns": "",
                            "public_ip": "",
                            "root_block_device.#": "1",
                            "root_block_device.0.delete_on_termination": "true",
                            "root_block_device.0.iops": "0",
                            "root_block_device.0.volume_size": "8",
                            "root_block_device.0.volume_type": "standard",
                            "security_groups.#": "0",
                            "source_dest_check": "false",
                            "subnet_id": "subnet-3c929d64",
                            "tags.%": "5",
                            "tags.Name": "worker-1",
                            "tags.Owner": "Mark",
                            "tags.ansibleFilter": "swarm01",
                            "tags.ansibleNodeName": "worker1",
                            "tags.ansibleNodeType": "worker",
                            "tenancy": "default",
                            "volume_tags.%": "0",
                            "vpc_security_group_ids.#": "1",
                            "vpc_security_group_ids.3695986398": "sg-453a113c"
                        },
                        "meta": {
                            "schema_version": "1"
                        },
                        "tainted": false
                    },
                    "deposed": [],
                    "provider": ""
                },
                "aws_instance.worker.2": {
                    "type": "aws_instance",
                    "depends_on": [
                        "aws_security_group.swarm_worker",
                        "aws_subnet.swarm_private"
                    ],
                    "primary": {
                        "id": "i-01515d78b7bfaf0e7",
                        "attributes": {
                            "ami": "ami-0bcbcb6d",
                            "associate_public_ip_address": "false",
                            "availability_zone": "eu-west-1a",
                            "disable_api_termination": "false",
                            "ebs_block_device.#": "0",
                            "ebs_optimized": "false",
                            "ephemeral_block_device.#": "0",
                            "iam_instance_profile": "",
                            "id": "i-01515d78b7bfaf0e7",
                            "instance_state": "running",
                            "instance_type": "t2.micro",
                            "ipv6_address_count": "0",
                            "ipv6_addresses.#": "0",
                            "key_name": "swarm-clstr-kp",
                            "monitoring": "false",
                            "network_interface.#": "0",
                            "network_interface_id": "eni-f57672f9",
                            "primary_network_interface_id": "eni-f57672f9",
                            "private_dns": "ip-10-43-1-32.eu-west-1.compute.internal",
                            "private_ip": "10.43.1.32",
                            "public_dns": "",
                            "public_ip": "",
                            "root_block_device.#": "1",
                            "root_block_device.0.delete_on_termination": "true",
                            "root_block_device.0.iops": "0",
                            "root_block_device.0.volume_size": "8",
                            "root_block_device.0.volume_type": "standard",
                            "security_groups.#": "0",
                            "source_dest_check": "false",
                            "subnet_id": "subnet-3c929d64",
                            "tags.%": "5",
                            "tags.Name": "worker-2",
                            "tags.Owner": "Mark",
                            "tags.ansibleFilter": "swarm01",
                            "tags.ansibleNodeName": "worker2",
                            "tags.ansibleNodeType": "worker",
                            "tenancy": "default",
                            "volume_tags.%": "0",
                            "vpc_security_group_ids.#": "1",
                            "vpc_security_group_ids.3695986398": "sg-453a113c"
                        },
                        "meta": {
                            "schema_version": "1"
                        },
                        "tainted": false
                    },
                    "deposed": [],
                    "provider": ""
                },
                "aws_internet_gateway.gw": {
                    "type": "aws_internet_gateway",
                    "depends_on": [
                        "aws_vpc.swarm"
                    ],
                    "primary": {
                        "id": "igw-a0147fc4",
                        "attributes": {
                            "id": "igw-a0147fc4",
                            "tags.%": "2",
                            "tags.Name": "swarm IG",
                            "tags.Owner": "Mark",
                            "vpc_id": "vpc-2b2dee4c"
                        },
                        "meta": {},
                        "tainted": false
                    },
                    "deposed": [],
                    "provider": ""
                },
                "aws_nat_gateway.gw": {
                    "type": "aws_nat_gateway",
                    "depends_on": [
                        "aws_eip.nat_eip",
                        "aws_internet_gateway.gw",
                        "aws_subnet.swarm_public"
                    ],
                    "primary": {
                        "id": "nat-04800e1c05d504ac8",
                        "attributes": {
                            "allocation_id": "eipalloc-db234fe1",
                            "id": "nat-04800e1c05d504ac8",
                            "network_interface_id": "eni-ad7672a1",
                            "private_ip": "10.43.0.147",
                            "public_ip": "52.31.109.235",
                            "subnet_id": "subnet-f69699ae"
                        },
                        "meta": {},
                        "tainted": false
                    },
                    "deposed": [],
                    "provider": ""
                },
                "aws_route_table.swarm_public": {
                    "type": "aws_route_table",
                    "depends_on": [
                        "aws_internet_gateway.gw",
                        "aws_vpc.swarm"
                    ],
                    "primary": {
                        "id": "rtb-e61e4c81",
                        "attributes": {
                            "id": "rtb-e61e4c81",
                            "propagating_vgws.#": "0",
                            "route.#": "1",
                            "route.1016832569.cidr_block": "0.0.0.0/0",
                            "route.1016832569.egress_only_gateway_id": "",
                            "route.1016832569.gateway_id": "igw-a0147fc4",
                            "route.1016832569.instance_id": "",
                            "route.1016832569.ipv6_cidr_block": "",
                            "route.1016832569.nat_gateway_id": "",
                            "route.1016832569.network_interface_id": "",
                            "route.1016832569.vpc_peering_connection_id": "",
                            "tags.%": "2",
                            "tags.Name": "swarm",
                            "tags.Owner": "Mark",
                            "vpc_id": "vpc-2b2dee4c"
                        },
                        "meta": {},
                        "tainted": false
                    },
                    "deposed": [],
                    "provider": ""
                },
                "aws_route_table_association.swarm_public": {
                    "type": "aws_route_table_association",
                    "depends_on": [
                        "aws_route_table.swarm_public",
                        "aws_subnet.swarm_public"
                    ],
                    "primary": {
                        "id": "rtbassoc-58284f3e",
                        "attributes": {
                            "id": "rtbassoc-58284f3e",
                            "route_table_id": "rtb-e61e4c81",
                            "subnet_id": "subnet-f69699ae"
                        },
                        "meta": {},
                        "tainted": false
                    },
                    "deposed": [],
                    "provider": ""
                },
                "aws_security_group.bastion": {
                    "type": "aws_security_group",
                    "depends_on": [
                        "aws_vpc.swarm"
                    ],
                    "primary": {
                        "id": "sg-f63a118f",
                        "attributes": {
                            "description": "Managed by Terraform",
                            "egress.#": "1",
                            "egress.482069346.cidr_blocks.#": "1",
                            "egress.482069346.cidr_blocks.0": "0.0.0.0/0",
                            "egress.482069346.from_port": "0",
                            "egress.482069346.ipv6_cidr_blocks.#": "0",
                            "egress.482069346.prefix_list_ids.#": "0",
                            "egress.482069346.protocol": "-1",
                            "egress.482069346.security_groups.#": "0",
                            "egress.482069346.self": "false",
                            "egress.482069346.to_port": "0",
                            "id": "sg-f63a118f",
                            "ingress.#": "1",
                            "ingress.2541437006.cidr_blocks.#": "1",
                            "ingress.2541437006.cidr_blocks.0": "0.0.0.0/0",
                            "ingress.2541437006.from_port": "22",
                            "ingress.2541437006.ipv6_cidr_blocks.#": "0",
                            "ingress.2541437006.protocol": "TCP",
                            "ingress.2541437006.security_groups.#": "0",
                            "ingress.2541437006.self": "false",
                            "ingress.2541437006.to_port": "22",
                            "name": "bastion-sg",
                            "owner_id": "656298526922",
                            "tags.%": "2",
                            "tags.Name": "bastion-sg",
                            "tags.Owner": "Mark",
                            "vpc_id": "vpc-2b2dee4c"
                        },
                        "meta": {},
                        "tainted": false
                    },
                    "deposed": [],
                    "provider": ""
                },
                "aws_security_group.swarm_elb": {
                    "type": "aws_security_group",
                    "depends_on": [
                        "aws_vpc.swarm"
                    ],
                    "primary": {
                        "id": "sg-a23b10db",
                        "attributes": {
                            "description": "Managed by Terraform",
                            "egress.#": "1",
                            "egress.482069346.cidr_blocks.#": "1",
                            "egress.482069346.cidr_blocks.0": "0.0.0.0/0",
                            "egress.482069346.from_port": "0",
                            "egress.482069346.ipv6_cidr_blocks.#": "0",
                            "egress.482069346.prefix_list_ids.#": "0",
                            "egress.482069346.protocol": "-1",
                            "egress.482069346.security_groups.#": "0",
                            "egress.482069346.self": "false",
                            "egress.482069346.to_port": "0",
                            "id": "sg-a23b10db",
                            "ingress.#": "1",
                            "ingress.1994621032.cidr_blocks.#": "1",
                            "ingress.1994621032.cidr_blocks.0": "0.0.0.0/0",
                            "ingress.1994621032.from_port": "3000",
                            "ingress.1994621032.ipv6_cidr_blocks.#": "0",
                            "ingress.1994621032.protocol": "TCP",
                            "ingress.1994621032.security_groups.#": "0",
                            "ingress.1994621032.self": "false",
                            "ingress.1994621032.to_port": "3000",
                            "name": "swarm-elb-sg",
                            "owner_id": "656298526922",
                            "tags.%": "2",
                            "tags.Name": "swarm-elb-sg",
                            "tags.Owner": "Mark",
                            "vpc_id": "vpc-2b2dee4c"
                        },
                        "meta": {},
                        "tainted": false
                    },
                    "deposed": [],
                    "provider": ""
                },
                "aws_security_group.swarm_master": {
                    "type": "aws_security_group",
                    "depends_on": [
                        "aws_vpc.swarm"
                    ],
                    "primary": {
                        "id": "sg-643b101d",
                        "attributes": {
                            "description": "Managed by Terraform",
                            "egress.#": "1",
                            "egress.482069346.cidr_blocks.#": "1",
                            "egress.482069346.cidr_blocks.0": "0.0.0.0/0",
                            "egress.482069346.from_port": "0",
                            "egress.482069346.ipv6_cidr_blocks.#": "0",
                            "egress.482069346.prefix_list_ids.#": "0",
                            "egress.482069346.protocol": "-1",
                            "egress.482069346.security_groups.#": "0",
                            "egress.482069346.self": "false",
                            "egress.482069346.to_port": "0",
                            "id": "sg-643b101d",
                            "ingress.#": "2",
                            "ingress.3348774626.cidr_blocks.#": "1",
                            "ingress.3348774626.cidr_blocks.0": "10.43.0.0/24",
                            "ingress.3348774626.from_port": "22",
                            "ingress.3348774626.ipv6_cidr_blocks.#": "0",
                            "ingress.3348774626.protocol": "TCP",
                            "ingress.3348774626.security_groups.#": "0",
                            "ingress.3348774626.self": "false",
                            "ingress.3348774626.to_port": "22",
                            "ingress.3924767910.cidr_blocks.#": "1",
                            "ingress.3924767910.cidr_blocks.0": "10.43.0.0/24",
                            "ingress.3924767910.from_port": "1000",
                            "ingress.3924767910.ipv6_cidr_blocks.#": "0",
                            "ingress.3924767910.protocol": "TCP",
                            "ingress.3924767910.security_groups.#": "0",
                            "ingress.3924767910.self": "false",
                            "ingress.3924767910.to_port": "65000",
                            "name": "swarm-master-sg",
                            "owner_id": "656298526922",
                            "tags.%": "2",
                            "tags.Name": "swarm-master-sg",
                            "tags.Owner": "Mark",
                            "vpc_id": "vpc-2b2dee4c"
                        },
                        "meta": {},
                        "tainted": false
                    },
                    "deposed": [],
                    "provider": ""
                },
                "aws_security_group.swarm_worker": {
                    "type": "aws_security_group",
                    "depends_on": [
                        "aws_vpc.swarm"
                    ],
                    "primary": {
                        "id": "sg-453a113c",
                        "attributes": {
                            "description": "Managed by Terraform",
                            "egress.#": "1",
                            "egress.482069346.cidr_blocks.#": "1",
                            "egress.482069346.cidr_blocks.0": "0.0.0.0/0",
                            "egress.482069346.from_port": "0",
                            "egress.482069346.ipv6_cidr_blocks.#": "0",
                            "egress.482069346.prefix_list_ids.#": "0",
                            "egress.482069346.protocol": "-1",
                            "egress.482069346.security_groups.#": "0",
                            "egress.482069346.self": "false",
                            "egress.482069346.to_port": "0",
                            "id": "sg-453a113c",
                            "ingress.#": "2",
                            "ingress.3348774626.cidr_blocks.#": "1",
                            "ingress.3348774626.cidr_blocks.0": "10.43.0.0/24",
                            "ingress.3348774626.from_port": "22",
                            "ingress.3348774626.ipv6_cidr_blocks.#": "0",
                            "ingress.3348774626.protocol": "TCP",
                            "ingress.3348774626.security_groups.#": "0",
                            "ingress.3348774626.self": "false",
                            "ingress.3348774626.to_port": "22",
                            "ingress.3924767910.cidr_blocks.#": "1",
                            "ingress.3924767910.cidr_blocks.0": "10.43.0.0/24",
                            "ingress.3924767910.from_port": "1000",
                            "ingress.3924767910.ipv6_cidr_blocks.#": "0",
                            "ingress.3924767910.protocol": "TCP",
                            "ingress.3924767910.security_groups.#": "0",
                            "ingress.3924767910.self": "false",
                            "ingress.3924767910.to_port": "65000",
                            "name": "swarm-worker-sg",
                            "owner_id": "656298526922",
                            "tags.%": "2",
                            "tags.Name": "swarm-worker-sg",
                            "tags.Owner": "Mark",
                            "vpc_id": "vpc-2b2dee4c"
                        },
                        "meta": {},
                        "tainted": false
                    },
                    "deposed": [],
                    "provider": ""
                },
                "aws_subnet.swarm_private": {
                    "type": "aws_subnet",
                    "depends_on": [
                        "aws_vpc.swarm"
                    ],
                    "primary": {
                        "id": "subnet-3c929d64",
                        "attributes": {
                            "assign_ipv6_address_on_creation": "false",
                            "availability_zone": "eu-west-1a",
                            "cidr_block": "10.43.1.0/24",
                            "id": "subnet-3c929d64",
                            "map_public_ip_on_launch": "false",
                            "tags.%": "3",
                            "tags.Name": "swarm",
                            "tags.Owner": "Mark",
                            "tags.Type": "Private subnet",
                            "vpc_id": "vpc-2b2dee4c"
                        },
                        "meta": {
                            "schema_version": "1"
                        },
                        "tainted": false
                    },
                    "deposed": [],
                    "provider": ""
                },
                "aws_subnet.swarm_public": {
                    "type": "aws_subnet",
                    "depends_on": [
                        "aws_vpc.swarm"
                    ],
                    "primary": {
                        "id": "subnet-f69699ae",
                        "attributes": {
                            "assign_ipv6_address_on_creation": "false",
                            "availability_zone": "eu-west-1a",
                            "cidr_block": "10.43.0.0/24",
                            "id": "subnet-f69699ae",
                            "map_public_ip_on_launch": "false",
                            "tags.%": "3",
                            "tags.Name": "swarm",
                            "tags.Owner": "Mark",
                            "tags.Type": "Public subnet",
                            "vpc_id": "vpc-2b2dee4c"
                        },
                        "meta": {
                            "schema_version": "1"
                        },
                        "tainted": false
                    },
                    "deposed": [],
                    "provider": ""
                },
                "aws_vpc.swarm": {
                    "type": "aws_vpc",
                    "depends_on": [],
                    "primary": {
                        "id": "vpc-2b2dee4c",
                        "attributes": {
                            "assign_generated_ipv6_cidr_block": "false",
                            "cidr_block": "10.43.0.0/16",
                            "default_network_acl_id": "acl-38ea7e5f",
                            "default_route_table_id": "rtb-fd1f4d9a",
                            "default_security_group_id": "sg-95250eec",
                            "dhcp_options_id": "dopt-ff6b3b9b",
                            "enable_classiclink": "false",
                            "enable_dns_hostnames": "true",
                            "enable_dns_support": "true",
                            "id": "vpc-2b2dee4c",
                            "instance_tenancy": "default",
                            "main_route_table_id": "rtb-fd1f4d9a",
                            "tags.%": "2",
                            "tags.Name": "swarm",
                            "tags.Owner": "Mark"
                        },
                        "meta": {
                            "schema_version": "1"
                        },
                        "tainted": false
                    },
                    "deposed": [],
                    "provider": ""
                },
                "aws_vpc_dhcp_options.dns_resolver": {
                    "type": "aws_vpc_dhcp_options",
                    "depends_on": [],
                    "primary": {
                        "id": "dopt-add785c9",
                        "attributes": {
                            "domain_name": "eu-west-1.compute.internal",
                            "domain_name_servers.#": "1",
                            "domain_name_servers.0": "AmazonProvidedDNS",
                            "id": "dopt-add785c9",
                            "tags.%": "2",
                            "tags.Name": "swarm",
                            "tags.Owner": "Mark"
                        },
                        "meta": {},
                        "tainted": false
                    },
                    "deposed": [],
                    "provider": ""
                },
                "aws_vpc_dhcp_options_association.dns_resolver": {
                    "type": "aws_vpc_dhcp_options_association",
                    "depends_on": [
                        "aws_vpc.swarm",
                        "aws_vpc_dhcp_options.dns_resolver"
                    ],
                    "primary": {
                        "id": "dopt-add785c9-vpc-2b2dee4c",
                        "attributes": {
                            "dhcp_options_id": "dopt-add785c9",
                            "id": "dopt-add785c9-vpc-2b2dee4c",
                            "vpc_id": "vpc-2b2dee4c"
                        },
                        "meta": {},
                        "tainted": false
                    },
                    "deposed": [],
                    "provider": ""
                },
                "data.template_file.ssh_cfg": {
                    "type": "template_file",
                    "depends_on": [
                        "aws_instance.bastion",
                        "aws_instance.master",
                        "aws_instance.master.1",
                        "aws_instance.master.2",
                        "aws_instance.worker",
                        "aws_instance.worker.1",
                        "aws_instance.worker.2"
                    ],
                    "primary": {
                        "id": "24ca7ce7c0157e5bc1b3b8db55acbcd298d668031d765d33419b138c4251debd",
                        "attributes": {
                            "id": "24ca7ce7c0157e5bc1b3b8db55acbcd298d668031d765d33419b138c4251debd",
                            "rendered": "Host bastion\n  Hostname 54.154.245.205\n  User core\n  UserKnownHostsFile=/dev/null\n  StrictHostKeyChecking=no\n\nHost master0\n Hostname 10.43.1.20\n User core\n UserKnownHostsFile=/dev/null\n StrictHostKeyChecking=no\n ProxyCommand ssh core@54.154.245.205 -W %h:%p\n\nHost master1\n Hostname 10.43.1.21\n User core\n UserKnownHostsFile=/dev/null\n StrictHostKeyChecking=no\n ProxyCommand ssh core@54.154.245.205 -W %h:%p\n\nHost master2\n Hostname 10.43.1.22\n User core\n UserKnownHostsFile=/dev/null\n StrictHostKeyChecking=no\n ProxyCommand ssh core@54.154.245.205 -W %h:%p\n\nHost worker0\n Hostname 10.43.1.30\n User core\n UserKnownHostsFile=/dev/null\n StrictHostKeyChecking=no\n ProxyCommand ssh core@54.154.245.205 -W %h:%p\n\nHost worker1\n Hostname 10.43.1.31\n User core\n UserKnownHostsFile=/dev/null\n StrictHostKeyChecking=no\n ProxyCommand ssh core@54.154.245.205 -W %h:%p\n\nHost worker2\n Hostname 10.43.1.32\n User core\n UserKnownHostsFile=/dev/null\n StrictHostKeyChecking=no\n ProxyCommand ssh core@54.154.245.205 -W %h:%p\n\n\n Host *\n UserKnownHostsFile=/dev/null\n StrictHostKeyChecking=no\n ProxyCommand ssh core@54.154.245.205 -W %h:%p\n",
                            "template": "Host bastion\n  Hostname ${bastion_ip}\n  User ${user_bastion}\n  UserKnownHostsFile=/dev/null\n  StrictHostKeyChecking=no\n\nHost master0\n Hostname ${master0_ip}\n User ${user}\n UserKnownHostsFile=/dev/null\n StrictHostKeyChecking=no\n ProxyCommand ssh ${user_bastion}@${bastion_ip} -W %h:%p\n\nHost master1\n Hostname ${master1_ip}\n User ${user}\n UserKnownHostsFile=/dev/null\n StrictHostKeyChecking=no\n ProxyCommand ssh ${user_bastion}@${bastion_ip} -W %h:%p\n\nHost master2\n Hostname ${master2_ip}\n User ${user}\n UserKnownHostsFile=/dev/null\n StrictHostKeyChecking=no\n ProxyCommand ssh ${user_bastion}@${bastion_ip} -W %h:%p\n\nHost worker0\n Hostname ${worker0_ip}\n User ${user}\n UserKnownHostsFile=/dev/null\n StrictHostKeyChecking=no\n ProxyCommand ssh ${user_bastion}@${bastion_ip} -W %h:%p\n\nHost worker1\n Hostname ${worker1_ip}\n User ${user}\n UserKnownHostsFile=/dev/null\n StrictHostKeyChecking=no\n ProxyCommand ssh ${user_bastion}@${bastion_ip} -W %h:%p\n\nHost worker2\n Hostname ${worker2_ip}\n User ${user}\n UserKnownHostsFile=/dev/null\n StrictHostKeyChecking=no\n ProxyCommand ssh ${user_bastion}@${bastion_ip} -W %h:%p\n\n\n Host *\n UserKnownHostsFile=/dev/null\n StrictHostKeyChecking=no\n ProxyCommand ssh ${user_bastion}@${bastion_ip} -W %h:%p\n",
                            "vars.%": "9",
                            "vars.bastion_ip": "54.154.245.205",
                            "vars.master0_ip": "10.43.1.20",
                            "vars.master1_ip": "10.43.1.21",
                            "vars.master2_ip": "10.43.1.22",
                            "vars.user": "core",
                            "vars.user_bastion": "core",
                            "vars.worker0_ip": "10.43.1.30",
                            "vars.worker1_ip": "10.43.1.31",
                            "vars.worker2_ip": "10.43.1.32"
                        },
                        "meta": {},
                        "tainted": false
                    },
                    "deposed": [],
                    "provider": ""
                },
                "null_resource.ssh_cfg": {
                    "type": "null_resource",
                    "depends_on": [
                        "data.template_file.ssh_cfg"
                    ],
                    "primary": {
                        "id": "7467765203041143917",
                        "attributes": {
                            "id": "7467765203041143917",
                            "triggers.%": "1",
                            "triggers.template_rendered": "Host bastion\n  Hostname 54.154.245.205\n  User core\n  UserKnownHostsFile=/dev/null\n  StrictHostKeyChecking=no\n\nHost master0\n Hostname 10.43.1.20\n User core\n UserKnownHostsFile=/dev/null\n StrictHostKeyChecking=no\n ProxyCommand ssh core@54.154.245.205 -W %h:%p\n\nHost master1\n Hostname 10.43.1.21\n User core\n UserKnownHostsFile=/dev/null\n StrictHostKeyChecking=no\n ProxyCommand ssh core@54.154.245.205 -W %h:%p\n\nHost master2\n Hostname 10.43.1.22\n User core\n UserKnownHostsFile=/dev/null\n StrictHostKeyChecking=no\n ProxyCommand ssh core@54.154.245.205 -W %h:%p\n\nHost worker0\n Hostname 10.43.1.30\n User core\n UserKnownHostsFile=/dev/null\n StrictHostKeyChecking=no\n ProxyCommand ssh core@54.154.245.205 -W %h:%p\n\nHost worker1\n Hostname 10.43.1.31\n User core\n UserKnownHostsFile=/dev/null\n StrictHostKeyChecking=no\n ProxyCommand ssh core@54.154.245.205 -W %h:%p\n\nHost worker2\n Hostname 10.43.1.32\n User core\n UserKnownHostsFile=/dev/null\n StrictHostKeyChecking=no\n ProxyCommand ssh core@54.154.245.205 -W %h:%p\n\n\n Host *\n UserKnownHostsFile=/dev/null\n StrictHostKeyChecking=no\n ProxyCommand ssh core@54.154.245.205 -W %h:%p\n"
                        },
                        "meta": {},
                        "tainted": false
                    },
                    "deposed": [],
                    "provider": ""
                }
            },
            "depends_on": []
        }
    ]
}
